
Microsoft Visual Studio Solution File, Format Version 12.00
# Visual Studio Version 16
VisualStudioVersion = 16.0.31105.61
MinimumVisualStudioVersion = 10.0.40219.1
Project("{FAE04EC0-301F-11D3-BF4B-00C04F79EFBC}") = "WpfApp1", "WpfApp1.csproj", "{B1BFD0C2-9754-4F05-BC27-DE1CE720C3AF}"
EndProject
Global
	GlobalSection(SolutionConfigurationPlatforms) = preSolution
		Debug|Any CPU = Debug|Any CPU
		Release|Any CPU = Release|Any CPU
	EndGlobalSection
	GlobalSection(ProjectConfigurationPlatforms) = postSolution
		{B1BFD0C2-9754-4F05-BC27-DE1CE720C3AF}.Debug|Any CPU.ActiveCfg = Debug|Any CPU
		{B1BFD0C2-9754-4F05-BC27-DE1CE720C3AF}.Debug|Any CPU.Build.0 = Debug|Any CPU
		{B1BFD0C2-9754-4F05-BC27-DE1CE720C3AF}.Release|Any CPU.ActiveCfg = Release|Any CPU
		{B1BFD0C2-9754-4F05-BC27-DE1CE720C3AF}.Release|Any CPU.Build.0 = Release|Any CPU
	EndGlobalSection
	GlobalSection(SolutionProperties) = preSolution
		HideSolutionNode = FALSE
	EndGlobalSection
	GlobalSection(ExtensibilityGlobals) = postSolution
		SolutionGuid = {D95454C2-245F-41D2-BC8A-F460B80F19B7}
	EndGlobalSection
EndGlobal
